{
    "_readme": [
        "This file locks the dependencies of your project to a known state",
        "Read more about it at http://getcomposer.org/doc/01-basic-usage.md#composer-lock-the-lock-file",
        "This file is @generated automatically"
    ],
    "hash": "92ba29bde3dc17dfb5cbe3d6cc4b7de8",
    "packages": [
        {
            "name": "libphutil/libphutil",
            "version": "1.0.3",
            "source": {
                "type": "git",
                "url": "https://github.com/christopher-johnson/libphutil.git",
                "reference": "master"
            },
            "dist": {
                "type": "zip",
                "url": "https://github.com/christopher-johnson/libphutil/archive/master.zip",
                "reference": null,
                "shasum": null
            },
            "type": "library"
        },
        {
            "name": "phabricator/phabricator",
            "version": "1.0.3",
            "source": {
                "type": "git",
                "url": "https://github.com/christopher-johnson/phabricator.git",
                "reference": "master"
            },
            "dist": {
                "type": "zip",
                "url": "https://github.com/christopher-johnson/phabricator/archive/master.zip",
                "reference": null,
                "shasum": null
            },
            "type": "library"
        }
    ],
    "packages-dev": [],
    "aliases": [],
    "minimum-stability": "stable",
    "stability-flags": [],
    "prefer-stable": false,
    "prefer-lowest": false,
    "platform": {
        "php": ">=5.3.2"
    },
    "platform-dev": []
}
